
Microsoft Visual Studio Solution File, Format Version 12.00
# Visual Studio 2012
Project("{FAE04EC0-301F-11D3-BF4B-00C04F79EFBC}") = "Relection", "Relection\Relection.csproj", "{4131EBFF-4F6A-4817-A1AE-DAC3A1E8106A}"
EndProject
Project("{FAE04EC0-301F-11D3-BF4B-00C04F79EFBC}") = "Ejemplos", "Ejemplos\Ejemplos.csproj", "{4711D4EE-7ADF-46A1-B14C-279021D278B8}"
EndProject
Global
	GlobalSection(SolutionConfigurationPlatforms) = preSolution
		Debug|Any CPU = Debug|Any CPU
		Release|Any CPU = Release|Any CPU
	EndGlobalSection
	GlobalSection(ProjectConfigurationPlatforms) = postSolution
		{4131EBFF-4F6A-4817-A1AE-DAC3A1E8106A}.Debug|Any CPU.ActiveCfg = Debug|Any CPU
		{4131EBFF-4F6A-4817-A1AE-DAC3A1E8106A}.Debug|Any CPU.Build.0 = Debug|Any CPU
		{4131EBFF-4F6A-4817-A1AE-DAC3A1E8106A}.Release|Any CPU.ActiveCfg = Release|Any CPU
		{4131EBFF-4F6A-4817-A1AE-DAC3A1E8106A}.Release|Any CPU.Build.0 = Release|Any CPU
		{4711D4EE-7ADF-46A1-B14C-279021D278B8}.Debug|Any CPU.ActiveCfg = Debug|Any CPU
		{4711D4EE-7ADF-46A1-B14C-279021D278B8}.Debug|Any CPU.Build.0 = Debug|Any CPU
		{4711D4EE-7ADF-46A1-B14C-279021D278B8}.Release|Any CPU.ActiveCfg = Release|Any CPU
		{4711D4EE-7ADF-46A1-B14C-279021D278B8}.Release|Any CPU.Build.0 = Release|Any CPU
	EndGlobalSection
	GlobalSection(SolutionProperties) = preSolution
		HideSolutionNode = FALSE
	EndGlobalSection
EndGlobal
