
Microsoft Visual Studio Solution File, Format Version 10.00
# Visual Studio 2008
Project("{FAE04EC0-301F-11D3-BF4B-00C04F79EFBC}") = "ReportsApplication1", "ReportsApplication1\ReportsApplication1.csproj", "{BE910443-0412-458A-AB80-CD88F1687F51}"
EndProject
Global
	GlobalSection(SolutionConfigurationPlatforms) = preSolution
		Debug|Any CPU = Debug|Any CPU
		Release|Any CPU = Release|Any CPU
	EndGlobalSection
	GlobalSection(ProjectConfigurationPlatforms) = postSolution
		{BE910443-0412-458A-AB80-CD88F1687F51}.Debug|Any CPU.ActiveCfg = Debug|Any CPU
		{BE910443-0412-458A-AB80-CD88F1687F51}.Debug|Any CPU.Build.0 = Debug|Any CPU
		{BE910443-0412-458A-AB80-CD88F1687F51}.Release|Any CPU.ActiveCfg = Release|Any CPU
		{BE910443-0412-458A-AB80-CD88F1687F51}.Release|Any CPU.Build.0 = Release|Any CPU
	EndGlobalSection
	GlobalSection(SolutionProperties) = preSolution
		HideSolutionNode = FALSE
	EndGlobalSection
EndGlobal
