
Microsoft Visual Studio Solution File, Format Version 11.00
# Visual C# Express 2010
Project("{FAE04EC0-301F-11D3-BF4B-00C04F79EFBC}") = "Excepciones1", "Excepciones1\Excepciones1.csproj", "{91C3059E-9675-4810-BDDA-38DB6A28D545}"
EndProject
Global
	GlobalSection(SolutionConfigurationPlatforms) = preSolution
		Debug|x86 = Debug|x86
		Release|x86 = Release|x86
	EndGlobalSection
	GlobalSection(ProjectConfigurationPlatforms) = postSolution
		{91C3059E-9675-4810-BDDA-38DB6A28D545}.Debug|x86.ActiveCfg = Debug|x86
		{91C3059E-9675-4810-BDDA-38DB6A28D545}.Debug|x86.Build.0 = Debug|x86
		{91C3059E-9675-4810-BDDA-38DB6A28D545}.Release|x86.ActiveCfg = Release|x86
		{91C3059E-9675-4810-BDDA-38DB6A28D545}.Release|x86.Build.0 = Release|x86
	EndGlobalSection
	GlobalSection(SolutionProperties) = preSolution
		HideSolutionNode = FALSE
	EndGlobalSection
EndGlobal
