
Microsoft Visual Studio Solution File, Format Version 12.00
# Visual Studio 2012
VisualStudioVersion = {0}
MinimumVisualStudioVersion = {0}
Project("{FAE04EC0-301F-11D3-BF4B-00C04F79EFBC}") = "Modulo 2", "Modulo 2.csproj", "{76DB60CC-AFDC-4E47-A915-E4285AF3582C}"
EndProject
Project("{FAE04EC0-301F-11D3-BF4B-00C04F79EFBC}") = "Lanzador", "Lanzador\Lanzador.csproj", "{2F2353D7-AF0C-4423-B047-85DB3A6C44F6}"
EndProject
Global
	GlobalSection(SolutionConfigurationPlatforms) = preSolution
		Debug|Any CPU = Debug|Any CPU
		Release|Any CPU = Release|Any CPU
	EndGlobalSection
	GlobalSection(ProjectConfigurationPlatforms) = postSolution
		{2F2353D7-AF0C-4423-B047-85DB3A6C44F6}.Debug|Any CPU.ActiveCfg = Debug|Any CPU
		{2F2353D7-AF0C-4423-B047-85DB3A6C44F6}.Debug|Any CPU.Build.0 = Debug|Any CPU
		{2F2353D7-AF0C-4423-B047-85DB3A6C44F6}.Release|Any CPU.ActiveCfg = Release|Any CPU
		{2F2353D7-AF0C-4423-B047-85DB3A6C44F6}.Release|Any CPU.Build.0 = Release|Any CPU
		{76DB60CC-AFDC-4E47-A915-E4285AF3582C}.Debug|Any CPU.ActiveCfg = Debug|Any CPU
		{76DB60CC-AFDC-4E47-A915-E4285AF3582C}.Debug|Any CPU.Build.0 = Debug|Any CPU
		{76DB60CC-AFDC-4E47-A915-E4285AF3582C}.Release|Any CPU.ActiveCfg = Release|Any CPU
		{76DB60CC-AFDC-4E47-A915-E4285AF3582C}.Release|Any CPU.Build.0 = Release|Any CPU
	EndGlobalSection
	GlobalSection(MonoDevelopProperties) = preSolution
		StartupItem = Lanzador\Lanzador.csproj
	EndGlobalSection
	GlobalSection(SolutionProperties) = preSolution
		HideSolutionNode = FALSE
	EndGlobalSection
EndGlobal
