
Microsoft Visual Studio Solution File, Format Version 12.00
# Visual Studio Express 2013 for Windows Desktop
VisualStudioVersion = 12.0.21005.1
MinimumVisualStudioVersion = 10.0.40219.1
Project("{FAE04EC0-301F-11D3-BF4B-00C04F79EFBC}") = "0 - Modulo 2", "Modulo 2\0 - Modulo 2.csproj", "{A6435259-A3DC-4C2A-9AC8-101D16AD0F1F}"
EndProject
Project("{FAE04EC0-301F-11D3-BF4B-00C04F79EFBC}") = "01 - TipoPrimitivos", "..\1 - TipoPrimitivos\TipoPrimitivos\01 - TipoPrimitivos.csproj", "{F57DE902-FB95-42FE-ACAD-C9B0F40CCD49}"
EndProject
Project("{FAE04EC0-301F-11D3-BF4B-00C04F79EFBC}") = "02 - ValorReferencia", "..\2 - ValorReferencia\ValorReferencia\02 - ValorReferencia.csproj", "{2F8217E1-5331-4C27-83DA-9981C90EA4DA}"
EndProject
Project("{FAE04EC0-301F-11D3-BF4B-00C04F79EFBC}") = "03 - DecConstantesVariables", "..\3 - DecConstantesVariables\DecConstantesVariables\03 - DecConstantesVariables.csproj", "{9AF01190-EFD6-4FE5-9204-D7AE40B78594}"
EndProject
Project("{FAE04EC0-301F-11D3-BF4B-00C04F79EFBC}") = "04a - Enumeracion", "..\4 - Enumerados\Enumerados1\Enumeracion\04a - Enumeracion.csproj", "{D27122BD-F241-4B23-8D27-2DF86B0994D9}"
EndProject
Project("{FAE04EC0-301F-11D3-BF4B-00C04F79EFBC}") = "04b - Enumeracion", "..\4 - Enumerados\Enumerados2\Enumerados2\04b - Enumeracion.csproj", "{7345B2EB-D2B3-40B0-92EE-3991208B5FEA}"
EndProject
Project("{FAE04EC0-301F-11D3-BF4B-00C04F79EFBC}") = "05 - Matrices", "..\5 - Matrices\Matrices\05 - Matrices.csproj", "{1A96C6EE-F249-46ED-B2DB-493674D5F896}"
EndProject
Project("{FAE04EC0-301F-11D3-BF4B-00C04F79EFBC}") = "07a - DefinicionClases", "..\6 - Clases\6a - DefinicionClases\DefinicionClases\07a - DefinicionClases.csproj", "{932BF5BF-C2E3-4339-A43C-58646F044C9D}"
EndProject
Project("{FAE04EC0-301F-11D3-BF4B-00C04F79EFBC}") = "07b - InstanciacionClase", "..\6 - Clases\6b - InstanciacionClase\InstanciacionClase\07b - InstanciacionClase.csproj", "{7C861F41-95B6-4858-94A6-BD57968FAD2B}"
EndProject
Project("{FAE04EC0-301F-11D3-BF4B-00C04F79EFBC}") = "07c - ClaseObject", "..\6 - Clases\6c - ClaseObject\ClaseObject\07c - ClaseObject.csproj", "{C36D7195-DFCB-4643-927B-FBF0FC0CF6F1}"
EndProject
Project("{FAE04EC0-301F-11D3-BF4B-00C04F79EFBC}") = "06a - Estructuras", "..\7 - Estructuras\Estructuras\Estructuras\06a - Estructuras.csproj", "{82ABD7E3-39E4-47DE-BE2E-7DA14AB9BF00}"
EndProject
Project("{FAE04EC0-301F-11D3-BF4B-00C04F79EFBC}") = "08a - Ambito", "..\8 - Ambito\8a - Ambito\08a - Ambito.csproj", "{547D5706-D40F-4521-B023-3CCB95E273FF}"
EndProject
Project("{FAE04EC0-301F-11D3-BF4B-00C04F79EFBC}") = "08b - Ambito", "..\8 - Ambito\8b - Ambito\Ambito2\08b - Ambito.csproj", "{E0EDA72B-425D-4004-B8A7-143EF13432C4}"
EndProject
Project("{FAE04EC0-301F-11D3-BF4B-00C04F79EFBC}") = "09a - Interfaces", "..\9 - Interfaces\9a - Interfaces\Interfaces\09a - Interfaces.csproj", "{16BF8EAD-5DEB-4699-85DF-C18DABF5444B}"
EndProject
Project("{FAE04EC0-301F-11D3-BF4B-00C04F79EFBC}") = "09b - Interfaces", "..\9 - Interfaces\9b - Interfaces\Interfaces2\09b - Interfaces.csproj", "{6CD67785-83AF-4293-BDBC-AF5AA9CE196F}"
EndProject
Project("{FAE04EC0-301F-11D3-BF4B-00C04F79EFBC}") = "10a - Excepciones1", "..\10 - Excepciones\10a - Excepciones\10a - Excepciones1.csproj", "{91C3059E-9675-4810-BDDA-38DB6A28D545}"
EndProject
Project("{FAE04EC0-301F-11D3-BF4B-00C04F79EFBC}") = "10b - Excepciones2", "..\10 - Excepciones\10b - Excepciones\10b - Excepciones2.csproj", "{7517E089-2BB0-429E-8EF8-22EFAA1D5A81}"
EndProject
Project("{FAE04EC0-301F-11D3-BF4B-00C04F79EFBC}") = "10c - Excepciones3", "..\10 - Excepciones\10c - Excpeciones\10c - Excepciones3.csproj", "{EF30AD73-F6E1-4EA0-A11B-6ACE361D36FA}"
EndProject
Project("{FAE04EC0-301F-11D3-BF4B-00C04F79EFBC}") = "11a - Eventos y Delegados", "..\11 - Eventos\Eventos\11a - Eventos y Delegados.csproj", "{A0FBEDA8-DC2D-454A-8223-497932C03BFF}"
EndProject
Project("{FAE04EC0-301F-11D3-BF4B-00C04F79EFBC}") = "ProyectoIntermedio", "ProyectoIntermedio\ProyectoIntermedio.csproj", "{CBDF60A2-1721-49A4-A6E5-287608BB7320}"
EndProject
Project("{FAE04EC0-301F-11D3-BF4B-00C04F79EFBC}") = "11b - Eventos y Delegados", "..\11 - Eventos\Delegados\Delegados\11b - Eventos y Delegados.csproj", "{6F347E09-AB1C-4073-865F-28EF7E780AB0}"
EndProject
Project("{FAE04EC0-301F-11D3-BF4B-00C04F79EFBC}") = "03a -  ListaValueTypes", "03a -  ListaValueTypes\03a -  ListaValueTypes.csproj", "{99F8EC4E-E64D-45FE-98A7-10C13910CE69}"
EndProject
Project("{FAE04EC0-301F-11D3-BF4B-00C04F79EFBC}") = "06b - Estructuras", "7b - Estructuras\06b - Estructuras.csproj", "{913BF291-BD66-4FEB-AA12-0C4501BA7C0A}"
EndProject
Global
	GlobalSection(SolutionConfigurationPlatforms) = preSolution
		Debug|Any CPU = Debug|Any CPU
		Debug|Mixed Platforms = Debug|Mixed Platforms
		Debug|x86 = Debug|x86
		Release|Any CPU = Release|Any CPU
		Release|Mixed Platforms = Release|Mixed Platforms
		Release|x86 = Release|x86
	EndGlobalSection
	GlobalSection(ProjectConfigurationPlatforms) = postSolution
		{A6435259-A3DC-4C2A-9AC8-101D16AD0F1F}.Debug|Any CPU.ActiveCfg = Debug|x86
		{A6435259-A3DC-4C2A-9AC8-101D16AD0F1F}.Debug|Mixed Platforms.ActiveCfg = Debug|x86
		{A6435259-A3DC-4C2A-9AC8-101D16AD0F1F}.Debug|Mixed Platforms.Build.0 = Debug|x86
		{A6435259-A3DC-4C2A-9AC8-101D16AD0F1F}.Debug|x86.ActiveCfg = Debug|x86
		{A6435259-A3DC-4C2A-9AC8-101D16AD0F1F}.Debug|x86.Build.0 = Debug|x86
		{A6435259-A3DC-4C2A-9AC8-101D16AD0F1F}.Release|Any CPU.ActiveCfg = Release|x86
		{A6435259-A3DC-4C2A-9AC8-101D16AD0F1F}.Release|Mixed Platforms.ActiveCfg = Release|x86
		{A6435259-A3DC-4C2A-9AC8-101D16AD0F1F}.Release|Mixed Platforms.Build.0 = Release|x86
		{A6435259-A3DC-4C2A-9AC8-101D16AD0F1F}.Release|x86.ActiveCfg = Release|x86
		{A6435259-A3DC-4C2A-9AC8-101D16AD0F1F}.Release|x86.Build.0 = Release|x86
		{F57DE902-FB95-42FE-ACAD-C9B0F40CCD49}.Debug|Any CPU.ActiveCfg = Debug|x86
		{F57DE902-FB95-42FE-ACAD-C9B0F40CCD49}.Debug|Mixed Platforms.ActiveCfg = Debug|x86
		{F57DE902-FB95-42FE-ACAD-C9B0F40CCD49}.Debug|Mixed Platforms.Build.0 = Debug|x86
		{F57DE902-FB95-42FE-ACAD-C9B0F40CCD49}.Debug|x86.ActiveCfg = Debug|x86
		{F57DE902-FB95-42FE-ACAD-C9B0F40CCD49}.Debug|x86.Build.0 = Debug|x86
		{F57DE902-FB95-42FE-ACAD-C9B0F40CCD49}.Release|Any CPU.ActiveCfg = Release|x86
		{F57DE902-FB95-42FE-ACAD-C9B0F40CCD49}.Release|Mixed Platforms.ActiveCfg = Release|x86
		{F57DE902-FB95-42FE-ACAD-C9B0F40CCD49}.Release|Mixed Platforms.Build.0 = Release|x86
		{F57DE902-FB95-42FE-ACAD-C9B0F40CCD49}.Release|x86.ActiveCfg = Release|x86
		{F57DE902-FB95-42FE-ACAD-C9B0F40CCD49}.Release|x86.Build.0 = Release|x86
		{2F8217E1-5331-4C27-83DA-9981C90EA4DA}.Debug|Any CPU.ActiveCfg = Debug|x86
		{2F8217E1-5331-4C27-83DA-9981C90EA4DA}.Debug|Mixed Platforms.ActiveCfg = Debug|x86
		{2F8217E1-5331-4C27-83DA-9981C90EA4DA}.Debug|Mixed Platforms.Build.0 = Debug|x86
		{2F8217E1-5331-4C27-83DA-9981C90EA4DA}.Debug|x86.ActiveCfg = Debug|x86
		{2F8217E1-5331-4C27-83DA-9981C90EA4DA}.Debug|x86.Build.0 = Debug|x86
		{2F8217E1-5331-4C27-83DA-9981C90EA4DA}.Release|Any CPU.ActiveCfg = Release|x86
		{2F8217E1-5331-4C27-83DA-9981C90EA4DA}.Release|Mixed Platforms.ActiveCfg = Release|x86
		{2F8217E1-5331-4C27-83DA-9981C90EA4DA}.Release|Mixed Platforms.Build.0 = Release|x86
		{2F8217E1-5331-4C27-83DA-9981C90EA4DA}.Release|x86.ActiveCfg = Release|x86
		{2F8217E1-5331-4C27-83DA-9981C90EA4DA}.Release|x86.Build.0 = Release|x86
		{9AF01190-EFD6-4FE5-9204-D7AE40B78594}.Debug|Any CPU.ActiveCfg = Debug|x86
		{9AF01190-EFD6-4FE5-9204-D7AE40B78594}.Debug|Mixed Platforms.ActiveCfg = Debug|x86
		{9AF01190-EFD6-4FE5-9204-D7AE40B78594}.Debug|Mixed Platforms.Build.0 = Debug|x86
		{9AF01190-EFD6-4FE5-9204-D7AE40B78594}.Debug|x86.ActiveCfg = Debug|x86
		{9AF01190-EFD6-4FE5-9204-D7AE40B78594}.Debug|x86.Build.0 = Debug|x86
		{9AF01190-EFD6-4FE5-9204-D7AE40B78594}.Release|Any CPU.ActiveCfg = Release|x86
		{9AF01190-EFD6-4FE5-9204-D7AE40B78594}.Release|Mixed Platforms.ActiveCfg = Release|x86
		{9AF01190-EFD6-4FE5-9204-D7AE40B78594}.Release|Mixed Platforms.Build.0 = Release|x86
		{9AF01190-EFD6-4FE5-9204-D7AE40B78594}.Release|x86.ActiveCfg = Release|x86
		{9AF01190-EFD6-4FE5-9204-D7AE40B78594}.Release|x86.Build.0 = Release|x86
		{D27122BD-F241-4B23-8D27-2DF86B0994D9}.Debug|Any CPU.ActiveCfg = Debug|x86
		{D27122BD-F241-4B23-8D27-2DF86B0994D9}.Debug|Mixed Platforms.ActiveCfg = Debug|x86
		{D27122BD-F241-4B23-8D27-2DF86B0994D9}.Debug|Mixed Platforms.Build.0 = Debug|x86
		{D27122BD-F241-4B23-8D27-2DF86B0994D9}.Debug|x86.ActiveCfg = Debug|x86
		{D27122BD-F241-4B23-8D27-2DF86B0994D9}.Debug|x86.Build.0 = Debug|x86
		{D27122BD-F241-4B23-8D27-2DF86B0994D9}.Release|Any CPU.ActiveCfg = Release|x86
		{D27122BD-F241-4B23-8D27-2DF86B0994D9}.Release|Mixed Platforms.ActiveCfg = Release|x86
		{D27122BD-F241-4B23-8D27-2DF86B0994D9}.Release|Mixed Platforms.Build.0 = Release|x86
		{D27122BD-F241-4B23-8D27-2DF86B0994D9}.Release|x86.ActiveCfg = Release|x86
		{D27122BD-F241-4B23-8D27-2DF86B0994D9}.Release|x86.Build.0 = Release|x86
		{7345B2EB-D2B3-40B0-92EE-3991208B5FEA}.Debug|Any CPU.ActiveCfg = Debug|x86
		{7345B2EB-D2B3-40B0-92EE-3991208B5FEA}.Debug|Mixed Platforms.ActiveCfg = Debug|x86
		{7345B2EB-D2B3-40B0-92EE-3991208B5FEA}.Debug|Mixed Platforms.Build.0 = Debug|x86
		{7345B2EB-D2B3-40B0-92EE-3991208B5FEA}.Debug|x86.ActiveCfg = Debug|x86
		{7345B2EB-D2B3-40B0-92EE-3991208B5FEA}.Debug|x86.Build.0 = Debug|x86
		{7345B2EB-D2B3-40B0-92EE-3991208B5FEA}.Release|Any CPU.ActiveCfg = Release|x86
		{7345B2EB-D2B3-40B0-92EE-3991208B5FEA}.Release|Mixed Platforms.ActiveCfg = Release|x86
		{7345B2EB-D2B3-40B0-92EE-3991208B5FEA}.Release|Mixed Platforms.Build.0 = Release|x86
		{7345B2EB-D2B3-40B0-92EE-3991208B5FEA}.Release|x86.ActiveCfg = Release|x86
		{7345B2EB-D2B3-40B0-92EE-3991208B5FEA}.Release|x86.Build.0 = Release|x86
		{1A96C6EE-F249-46ED-B2DB-493674D5F896}.Debug|Any CPU.ActiveCfg = Debug|x86
		{1A96C6EE-F249-46ED-B2DB-493674D5F896}.Debug|Mixed Platforms.ActiveCfg = Debug|x86
		{1A96C6EE-F249-46ED-B2DB-493674D5F896}.Debug|Mixed Platforms.Build.0 = Debug|x86
		{1A96C6EE-F249-46ED-B2DB-493674D5F896}.Debug|x86.ActiveCfg = Debug|x86
		{1A96C6EE-F249-46ED-B2DB-493674D5F896}.Debug|x86.Build.0 = Debug|x86
		{1A96C6EE-F249-46ED-B2DB-493674D5F896}.Release|Any CPU.ActiveCfg = Release|x86
		{1A96C6EE-F249-46ED-B2DB-493674D5F896}.Release|Mixed Platforms.ActiveCfg = Release|x86
		{1A96C6EE-F249-46ED-B2DB-493674D5F896}.Release|Mixed Platforms.Build.0 = Release|x86
		{1A96C6EE-F249-46ED-B2DB-493674D5F896}.Release|x86.ActiveCfg = Release|x86
		{1A96C6EE-F249-46ED-B2DB-493674D5F896}.Release|x86.Build.0 = Release|x86
		{932BF5BF-C2E3-4339-A43C-58646F044C9D}.Debug|Any CPU.ActiveCfg = Debug|x86
		{932BF5BF-C2E3-4339-A43C-58646F044C9D}.Debug|Mixed Platforms.ActiveCfg = Debug|x86
		{932BF5BF-C2E3-4339-A43C-58646F044C9D}.Debug|Mixed Platforms.Build.0 = Debug|x86
		{932BF5BF-C2E3-4339-A43C-58646F044C9D}.Debug|x86.ActiveCfg = Debug|x86
		{932BF5BF-C2E3-4339-A43C-58646F044C9D}.Debug|x86.Build.0 = Debug|x86
		{932BF5BF-C2E3-4339-A43C-58646F044C9D}.Release|Any CPU.ActiveCfg = Release|x86
		{932BF5BF-C2E3-4339-A43C-58646F044C9D}.Release|Mixed Platforms.ActiveCfg = Release|x86
		{932BF5BF-C2E3-4339-A43C-58646F044C9D}.Release|Mixed Platforms.Build.0 = Release|x86
		{932BF5BF-C2E3-4339-A43C-58646F044C9D}.Release|x86.ActiveCfg = Release|x86
		{932BF5BF-C2E3-4339-A43C-58646F044C9D}.Release|x86.Build.0 = Release|x86
		{7C861F41-95B6-4858-94A6-BD57968FAD2B}.Debug|Any CPU.ActiveCfg = Debug|x86
		{7C861F41-95B6-4858-94A6-BD57968FAD2B}.Debug|Mixed Platforms.ActiveCfg = Debug|x86
		{7C861F41-95B6-4858-94A6-BD57968FAD2B}.Debug|Mixed Platforms.Build.0 = Debug|x86
		{7C861F41-95B6-4858-94A6-BD57968FAD2B}.Debug|x86.ActiveCfg = Debug|x86
		{7C861F41-95B6-4858-94A6-BD57968FAD2B}.Debug|x86.Build.0 = Debug|x86
		{7C861F41-95B6-4858-94A6-BD57968FAD2B}.Release|Any CPU.ActiveCfg = Release|x86
		{7C861F41-95B6-4858-94A6-BD57968FAD2B}.Release|Mixed Platforms.ActiveCfg = Release|x86
		{7C861F41-95B6-4858-94A6-BD57968FAD2B}.Release|Mixed Platforms.Build.0 = Release|x86
		{7C861F41-95B6-4858-94A6-BD57968FAD2B}.Release|x86.ActiveCfg = Release|x86
		{7C861F41-95B6-4858-94A6-BD57968FAD2B}.Release|x86.Build.0 = Release|x86
		{C36D7195-DFCB-4643-927B-FBF0FC0CF6F1}.Debug|Any CPU.ActiveCfg = Debug|x86
		{C36D7195-DFCB-4643-927B-FBF0FC0CF6F1}.Debug|Mixed Platforms.ActiveCfg = Debug|x86
		{C36D7195-DFCB-4643-927B-FBF0FC0CF6F1}.Debug|Mixed Platforms.Build.0 = Debug|x86
		{C36D7195-DFCB-4643-927B-FBF0FC0CF6F1}.Debug|x86.ActiveCfg = Debug|x86
		{C36D7195-DFCB-4643-927B-FBF0FC0CF6F1}.Debug|x86.Build.0 = Debug|x86
		{C36D7195-DFCB-4643-927B-FBF0FC0CF6F1}.Release|Any CPU.ActiveCfg = Release|x86
		{C36D7195-DFCB-4643-927B-FBF0FC0CF6F1}.Release|Mixed Platforms.ActiveCfg = Release|x86
		{C36D7195-DFCB-4643-927B-FBF0FC0CF6F1}.Release|Mixed Platforms.Build.0 = Release|x86
		{C36D7195-DFCB-4643-927B-FBF0FC0CF6F1}.Release|x86.ActiveCfg = Release|x86
		{C36D7195-DFCB-4643-927B-FBF0FC0CF6F1}.Release|x86.Build.0 = Release|x86
		{82ABD7E3-39E4-47DE-BE2E-7DA14AB9BF00}.Debug|Any CPU.ActiveCfg = Debug|x86
		{82ABD7E3-39E4-47DE-BE2E-7DA14AB9BF00}.Debug|Mixed Platforms.ActiveCfg = Debug|x86
		{82ABD7E3-39E4-47DE-BE2E-7DA14AB9BF00}.Debug|Mixed Platforms.Build.0 = Debug|x86
		{82ABD7E3-39E4-47DE-BE2E-7DA14AB9BF00}.Debug|x86.ActiveCfg = Debug|x86
		{82ABD7E3-39E4-47DE-BE2E-7DA14AB9BF00}.Debug|x86.Build.0 = Debug|x86
		{82ABD7E3-39E4-47DE-BE2E-7DA14AB9BF00}.Release|Any CPU.ActiveCfg = Release|x86
		{82ABD7E3-39E4-47DE-BE2E-7DA14AB9BF00}.Release|Mixed Platforms.ActiveCfg = Release|x86
		{82ABD7E3-39E4-47DE-BE2E-7DA14AB9BF00}.Release|Mixed Platforms.Build.0 = Release|x86
		{82ABD7E3-39E4-47DE-BE2E-7DA14AB9BF00}.Release|x86.ActiveCfg = Release|x86
		{82ABD7E3-39E4-47DE-BE2E-7DA14AB9BF00}.Release|x86.Build.0 = Release|x86
		{547D5706-D40F-4521-B023-3CCB95E273FF}.Debug|Any CPU.ActiveCfg = Debug|x86
		{547D5706-D40F-4521-B023-3CCB95E273FF}.Debug|Mixed Platforms.ActiveCfg = Debug|x86
		{547D5706-D40F-4521-B023-3CCB95E273FF}.Debug|Mixed Platforms.Build.0 = Debug|x86
		{547D5706-D40F-4521-B023-3CCB95E273FF}.Debug|x86.ActiveCfg = Debug|x86
		{547D5706-D40F-4521-B023-3CCB95E273FF}.Debug|x86.Build.0 = Debug|x86
		{547D5706-D40F-4521-B023-3CCB95E273FF}.Release|Any CPU.ActiveCfg = Release|x86
		{547D5706-D40F-4521-B023-3CCB95E273FF}.Release|Mixed Platforms.ActiveCfg = Release|x86
		{547D5706-D40F-4521-B023-3CCB95E273FF}.Release|Mixed Platforms.Build.0 = Release|x86
		{547D5706-D40F-4521-B023-3CCB95E273FF}.Release|x86.ActiveCfg = Release|x86
		{547D5706-D40F-4521-B023-3CCB95E273FF}.Release|x86.Build.0 = Release|x86
		{E0EDA72B-425D-4004-B8A7-143EF13432C4}.Debug|Any CPU.ActiveCfg = Debug|x86
		{E0EDA72B-425D-4004-B8A7-143EF13432C4}.Debug|Mixed Platforms.ActiveCfg = Debug|x86
		{E0EDA72B-425D-4004-B8A7-143EF13432C4}.Debug|Mixed Platforms.Build.0 = Debug|x86
		{E0EDA72B-425D-4004-B8A7-143EF13432C4}.Debug|x86.ActiveCfg = Debug|x86
		{E0EDA72B-425D-4004-B8A7-143EF13432C4}.Debug|x86.Build.0 = Debug|x86
		{E0EDA72B-425D-4004-B8A7-143EF13432C4}.Release|Any CPU.ActiveCfg = Release|x86
		{E0EDA72B-425D-4004-B8A7-143EF13432C4}.Release|Mixed Platforms.ActiveCfg = Release|x86
		{E0EDA72B-425D-4004-B8A7-143EF13432C4}.Release|Mixed Platforms.Build.0 = Release|x86
		{E0EDA72B-425D-4004-B8A7-143EF13432C4}.Release|x86.ActiveCfg = Release|x86
		{E0EDA72B-425D-4004-B8A7-143EF13432C4}.Release|x86.Build.0 = Release|x86
		{16BF8EAD-5DEB-4699-85DF-C18DABF5444B}.Debug|Any CPU.ActiveCfg = Debug|x86
		{16BF8EAD-5DEB-4699-85DF-C18DABF5444B}.Debug|Mixed Platforms.ActiveCfg = Debug|x86
		{16BF8EAD-5DEB-4699-85DF-C18DABF5444B}.Debug|Mixed Platforms.Build.0 = Debug|x86
		{16BF8EAD-5DEB-4699-85DF-C18DABF5444B}.Debug|x86.ActiveCfg = Debug|x86
		{16BF8EAD-5DEB-4699-85DF-C18DABF5444B}.Debug|x86.Build.0 = Debug|x86
		{16BF8EAD-5DEB-4699-85DF-C18DABF5444B}.Release|Any CPU.ActiveCfg = Release|x86
		{16BF8EAD-5DEB-4699-85DF-C18DABF5444B}.Release|Mixed Platforms.ActiveCfg = Release|x86
		{16BF8EAD-5DEB-4699-85DF-C18DABF5444B}.Release|Mixed Platforms.Build.0 = Release|x86
		{16BF8EAD-5DEB-4699-85DF-C18DABF5444B}.Release|x86.ActiveCfg = Release|x86
		{16BF8EAD-5DEB-4699-85DF-C18DABF5444B}.Release|x86.Build.0 = Release|x86
		{6CD67785-83AF-4293-BDBC-AF5AA9CE196F}.Debug|Any CPU.ActiveCfg = Debug|x86
		{6CD67785-83AF-4293-BDBC-AF5AA9CE196F}.Debug|Mixed Platforms.ActiveCfg = Debug|x86
		{6CD67785-83AF-4293-BDBC-AF5AA9CE196F}.Debug|Mixed Platforms.Build.0 = Debug|x86
		{6CD67785-83AF-4293-BDBC-AF5AA9CE196F}.Debug|x86.ActiveCfg = Debug|x86
		{6CD67785-83AF-4293-BDBC-AF5AA9CE196F}.Debug|x86.Build.0 = Debug|x86
		{6CD67785-83AF-4293-BDBC-AF5AA9CE196F}.Release|Any CPU.ActiveCfg = Release|x86
		{6CD67785-83AF-4293-BDBC-AF5AA9CE196F}.Release|Mixed Platforms.ActiveCfg = Release|x86
		{6CD67785-83AF-4293-BDBC-AF5AA9CE196F}.Release|Mixed Platforms.Build.0 = Release|x86
		{6CD67785-83AF-4293-BDBC-AF5AA9CE196F}.Release|x86.ActiveCfg = Release|x86
		{6CD67785-83AF-4293-BDBC-AF5AA9CE196F}.Release|x86.Build.0 = Release|x86
		{91C3059E-9675-4810-BDDA-38DB6A28D545}.Debug|Any CPU.ActiveCfg = Debug|x86
		{91C3059E-9675-4810-BDDA-38DB6A28D545}.Debug|Mixed Platforms.ActiveCfg = Debug|x86
		{91C3059E-9675-4810-BDDA-38DB6A28D545}.Debug|Mixed Platforms.Build.0 = Debug|x86
		{91C3059E-9675-4810-BDDA-38DB6A28D545}.Debug|x86.ActiveCfg = Debug|x86
		{91C3059E-9675-4810-BDDA-38DB6A28D545}.Debug|x86.Build.0 = Debug|x86
		{91C3059E-9675-4810-BDDA-38DB6A28D545}.Release|Any CPU.ActiveCfg = Release|x86
		{91C3059E-9675-4810-BDDA-38DB6A28D545}.Release|Mixed Platforms.ActiveCfg = Release|x86
		{91C3059E-9675-4810-BDDA-38DB6A28D545}.Release|Mixed Platforms.Build.0 = Release|x86
		{91C3059E-9675-4810-BDDA-38DB6A28D545}.Release|x86.ActiveCfg = Release|x86
		{91C3059E-9675-4810-BDDA-38DB6A28D545}.Release|x86.Build.0 = Release|x86
		{7517E089-2BB0-429E-8EF8-22EFAA1D5A81}.Debug|Any CPU.ActiveCfg = Debug|x86
		{7517E089-2BB0-429E-8EF8-22EFAA1D5A81}.Debug|Mixed Platforms.ActiveCfg = Debug|x86
		{7517E089-2BB0-429E-8EF8-22EFAA1D5A81}.Debug|Mixed Platforms.Build.0 = Debug|x86
		{7517E089-2BB0-429E-8EF8-22EFAA1D5A81}.Debug|x86.ActiveCfg = Debug|x86
		{7517E089-2BB0-429E-8EF8-22EFAA1D5A81}.Debug|x86.Build.0 = Debug|x86
		{7517E089-2BB0-429E-8EF8-22EFAA1D5A81}.Release|Any CPU.ActiveCfg = Release|x86
		{7517E089-2BB0-429E-8EF8-22EFAA1D5A81}.Release|Mixed Platforms.ActiveCfg = Release|x86
		{7517E089-2BB0-429E-8EF8-22EFAA1D5A81}.Release|Mixed Platforms.Build.0 = Release|x86
		{7517E089-2BB0-429E-8EF8-22EFAA1D5A81}.Release|x86.ActiveCfg = Release|x86
		{7517E089-2BB0-429E-8EF8-22EFAA1D5A81}.Release|x86.Build.0 = Release|x86
		{EF30AD73-F6E1-4EA0-A11B-6ACE361D36FA}.Debug|Any CPU.ActiveCfg = Debug|x86
		{EF30AD73-F6E1-4EA0-A11B-6ACE361D36FA}.Debug|Mixed Platforms.ActiveCfg = Debug|x86
		{EF30AD73-F6E1-4EA0-A11B-6ACE361D36FA}.Debug|Mixed Platforms.Build.0 = Debug|x86
		{EF30AD73-F6E1-4EA0-A11B-6ACE361D36FA}.Debug|x86.ActiveCfg = Debug|x86
		{EF30AD73-F6E1-4EA0-A11B-6ACE361D36FA}.Debug|x86.Build.0 = Debug|x86
		{EF30AD73-F6E1-4EA0-A11B-6ACE361D36FA}.Release|Any CPU.ActiveCfg = Release|x86
		{EF30AD73-F6E1-4EA0-A11B-6ACE361D36FA}.Release|Mixed Platforms.ActiveCfg = Release|x86
		{EF30AD73-F6E1-4EA0-A11B-6ACE361D36FA}.Release|Mixed Platforms.Build.0 = Release|x86
		{EF30AD73-F6E1-4EA0-A11B-6ACE361D36FA}.Release|x86.ActiveCfg = Release|x86
		{EF30AD73-F6E1-4EA0-A11B-6ACE361D36FA}.Release|x86.Build.0 = Release|x86
		{A0FBEDA8-DC2D-454A-8223-497932C03BFF}.Debug|Any CPU.ActiveCfg = Debug|x86
		{A0FBEDA8-DC2D-454A-8223-497932C03BFF}.Debug|Mixed Platforms.ActiveCfg = Debug|x86
		{A0FBEDA8-DC2D-454A-8223-497932C03BFF}.Debug|Mixed Platforms.Build.0 = Debug|x86
		{A0FBEDA8-DC2D-454A-8223-497932C03BFF}.Debug|x86.ActiveCfg = Debug|x86
		{A0FBEDA8-DC2D-454A-8223-497932C03BFF}.Debug|x86.Build.0 = Debug|x86
		{A0FBEDA8-DC2D-454A-8223-497932C03BFF}.Release|Any CPU.ActiveCfg = Release|x86
		{A0FBEDA8-DC2D-454A-8223-497932C03BFF}.Release|Mixed Platforms.ActiveCfg = Release|x86
		{A0FBEDA8-DC2D-454A-8223-497932C03BFF}.Release|Mixed Platforms.Build.0 = Release|x86
		{A0FBEDA8-DC2D-454A-8223-497932C03BFF}.Release|x86.ActiveCfg = Release|x86
		{A0FBEDA8-DC2D-454A-8223-497932C03BFF}.Release|x86.Build.0 = Release|x86
		{CBDF60A2-1721-49A4-A6E5-287608BB7320}.Debug|Any CPU.ActiveCfg = Debug|x86
		{CBDF60A2-1721-49A4-A6E5-287608BB7320}.Debug|Mixed Platforms.ActiveCfg = Debug|x86
		{CBDF60A2-1721-49A4-A6E5-287608BB7320}.Debug|Mixed Platforms.Build.0 = Debug|x86
		{CBDF60A2-1721-49A4-A6E5-287608BB7320}.Debug|x86.ActiveCfg = Debug|x86
		{CBDF60A2-1721-49A4-A6E5-287608BB7320}.Debug|x86.Build.0 = Debug|x86
		{CBDF60A2-1721-49A4-A6E5-287608BB7320}.Release|Any CPU.ActiveCfg = Release|x86
		{CBDF60A2-1721-49A4-A6E5-287608BB7320}.Release|Mixed Platforms.ActiveCfg = Release|x86
		{CBDF60A2-1721-49A4-A6E5-287608BB7320}.Release|Mixed Platforms.Build.0 = Release|x86
		{CBDF60A2-1721-49A4-A6E5-287608BB7320}.Release|x86.ActiveCfg = Release|x86
		{CBDF60A2-1721-49A4-A6E5-287608BB7320}.Release|x86.Build.0 = Release|x86
		{6F347E09-AB1C-4073-865F-28EF7E780AB0}.Debug|Any CPU.ActiveCfg = Debug|x86
		{6F347E09-AB1C-4073-865F-28EF7E780AB0}.Debug|Mixed Platforms.ActiveCfg = Debug|x86
		{6F347E09-AB1C-4073-865F-28EF7E780AB0}.Debug|Mixed Platforms.Build.0 = Debug|x86
		{6F347E09-AB1C-4073-865F-28EF7E780AB0}.Debug|x86.ActiveCfg = Debug|x86
		{6F347E09-AB1C-4073-865F-28EF7E780AB0}.Debug|x86.Build.0 = Debug|x86
		{6F347E09-AB1C-4073-865F-28EF7E780AB0}.Release|Any CPU.ActiveCfg = Release|x86
		{6F347E09-AB1C-4073-865F-28EF7E780AB0}.Release|Mixed Platforms.ActiveCfg = Release|x86
		{6F347E09-AB1C-4073-865F-28EF7E780AB0}.Release|Mixed Platforms.Build.0 = Release|x86
		{6F347E09-AB1C-4073-865F-28EF7E780AB0}.Release|x86.ActiveCfg = Release|x86
		{6F347E09-AB1C-4073-865F-28EF7E780AB0}.Release|x86.Build.0 = Release|x86
		{99F8EC4E-E64D-45FE-98A7-10C13910CE69}.Debug|Any CPU.ActiveCfg = Debug|Any CPU
		{99F8EC4E-E64D-45FE-98A7-10C13910CE69}.Debug|Any CPU.Build.0 = Debug|Any CPU
		{99F8EC4E-E64D-45FE-98A7-10C13910CE69}.Debug|Mixed Platforms.ActiveCfg = Debug|Any CPU
		{99F8EC4E-E64D-45FE-98A7-10C13910CE69}.Debug|Mixed Platforms.Build.0 = Debug|Any CPU
		{99F8EC4E-E64D-45FE-98A7-10C13910CE69}.Debug|x86.ActiveCfg = Debug|Any CPU
		{99F8EC4E-E64D-45FE-98A7-10C13910CE69}.Release|Any CPU.ActiveCfg = Release|Any CPU
		{99F8EC4E-E64D-45FE-98A7-10C13910CE69}.Release|Any CPU.Build.0 = Release|Any CPU
		{99F8EC4E-E64D-45FE-98A7-10C13910CE69}.Release|Mixed Platforms.ActiveCfg = Release|Any CPU
		{99F8EC4E-E64D-45FE-98A7-10C13910CE69}.Release|Mixed Platforms.Build.0 = Release|Any CPU
		{99F8EC4E-E64D-45FE-98A7-10C13910CE69}.Release|x86.ActiveCfg = Release|Any CPU
		{913BF291-BD66-4FEB-AA12-0C4501BA7C0A}.Debug|Any CPU.ActiveCfg = Debug|Any CPU
		{913BF291-BD66-4FEB-AA12-0C4501BA7C0A}.Debug|Any CPU.Build.0 = Debug|Any CPU
		{913BF291-BD66-4FEB-AA12-0C4501BA7C0A}.Debug|Mixed Platforms.ActiveCfg = Debug|Any CPU
		{913BF291-BD66-4FEB-AA12-0C4501BA7C0A}.Debug|Mixed Platforms.Build.0 = Debug|Any CPU
		{913BF291-BD66-4FEB-AA12-0C4501BA7C0A}.Debug|x86.ActiveCfg = Debug|Any CPU
		{913BF291-BD66-4FEB-AA12-0C4501BA7C0A}.Release|Any CPU.ActiveCfg = Release|Any CPU
		{913BF291-BD66-4FEB-AA12-0C4501BA7C0A}.Release|Any CPU.Build.0 = Release|Any CPU
		{913BF291-BD66-4FEB-AA12-0C4501BA7C0A}.Release|Mixed Platforms.ActiveCfg = Release|Any CPU
		{913BF291-BD66-4FEB-AA12-0C4501BA7C0A}.Release|Mixed Platforms.Build.0 = Release|Any CPU
		{913BF291-BD66-4FEB-AA12-0C4501BA7C0A}.Release|x86.ActiveCfg = Release|Any CPU
	EndGlobalSection
	GlobalSection(SolutionProperties) = preSolution
		HideSolutionNode = FALSE
	EndGlobalSection
EndGlobal
